
Microsoft Visual Studio Solution File, Format Version 12.00
# Visual Studio Version 17
VisualStudioVersion = 17.0.31717.71
MinimumVisualStudioVersion = 10.0.40219.1
Project("{FAE04EC0-301F-11D3-BF4B-00C04F79EFBC}") = "MoreBadges", "MoreBadges\MoreBadges.csproj", "{A1807ED5-0C90-46D2-813D-FA12B5040C60}"
EndProject
Global
	GlobalSection(SolutionConfigurationPlatforms) = preSolution
		Debug|Any CPU = Debug|Any CPU
		Release|Any CPU = Release|Any CPU
	EndGlobalSection
	GlobalSection(ProjectConfigurationPlatforms) = postSolution
		{A1807ED5-0C90-46D2-813D-FA12B5040C60}.Debug|Any CPU.ActiveCfg = Debug|Any CPU
		{A1807ED5-0C90-46D2-813D-FA12B5040C60}.Debug|Any CPU.Build.0 = Debug|Any CPU
		{A1807ED5-0C90-46D2-813D-FA12B5040C60}.Release|Any CPU.ActiveCfg = Release|Any CPU
		{A1807ED5-0C90-46D2-813D-FA12B5040C60}.Release|Any CPU.Build.0 = Release|Any CPU
	EndGlobalSection
	GlobalSection(SolutionProperties) = preSolution
		HideSolutionNode = FALSE
	EndGlobalSection
	GlobalSection(ExtensibilityGlobals) = postSolution
		SolutionGuid = {65CCAC39-C6BE-45EE-9464-E81448A8FA5C}
	EndGlobalSection
EndGlobal
